{
  "name": "attic-worker",
  "lockfileVersion": 3,
  "requires": true,
  "packages": {
    "": {
      "name": "attic-worker",
      "dependencies": {
        "@bokuweb/zstd-wasm": "^0.0.27"
      }
    },
    "node_modules/@bokuweb/zstd-wasm": {
      "version": "0.0.27",
      "resolved": "https://registry.npmjs.org/@bokuweb/zstd-wasm/-/zstd-wasm-0.0.27.tgz",
      "integrity": "sha512-GDm2uOTK3ESjnYmSeLQifJnBsRCWajKLvN32D2ZcQaaCIJI/Hse9s74f7APXjHit95S10UImsRGkTsbwHmrtmg==",
      "license": "MIT"
    }
  }
}
